
Microsoft Visual Studio Solution File, Format Version 12.00
# Visual Studio Version 17
VisualStudioVersion = 17.7.34031.279
MinimumVisualStudioVersion = 10.0.40219.1
Project("{8BC9CEB8-8B4A-11D0-8D11-00A0C91BC942}") = "Ex2_Servidor", "Ex2_Servidor\Ex2_Servidor.vcxproj", "{CB5FA05E-1F86-44D5-AD25-0211F9778541}"
EndProject
Project("{8BC9CEB8-8B4A-11D0-8D11-00A0C91BC942}") = "Ex2_Cliente", "Ex2_Cliente\Ex2_Cliente.vcxproj", "{7B4A785D-5178-4123-A335-C60F1E7D8BB2}"
EndProject
Project("{8BC9CEB8-8B4A-11D0-8D11-00A0C91BC942}") = "Ex3_Cliente", "Ex3_Cliente\Ex3_Cliente.vcxproj", "{C30CECCC-1B0B-4125-A212-967CC86A999A}"
EndProject
Project("{8BC9CEB8-8B4A-11D0-8D11-00A0C91BC942}") = "Ex4_Servidor", "Ex4_Servidor\Ex4_Servidor.vcxproj", "{35105479-1B4A-4360-A733-2F1155F01CD2}"
EndProject
Project("{8BC9CEB8-8B4A-11D0-8D11-00A0C91BC942}") = "Ex5_Cliente", "Ex5_Cliente\Ex5_Cliente.vcxproj", "{3C5A3B4D-CF75-49D1-AC69-006799C052A8}"
EndProject
Project("{8BC9CEB8-8B4A-11D0-8D11-00A0C91BC942}") = "Ex6_Cliente", "Ex6_Cliente\Ex6_Cliente.vcxproj", "{BE35D8BF-24CE-4C5E-BE57-E62D10D482B7}"
EndProject
Global
	GlobalSection(SolutionConfigurationPlatforms) = preSolution
		Debug|x64 = Debug|x64
		Debug|x86 = Debug|x86
		Release|x64 = Release|x64
		Release|x86 = Release|x86
	EndGlobalSection
	GlobalSection(ProjectConfigurationPlatforms) = postSolution
		{CB5FA05E-1F86-44D5-AD25-0211F9778541}.Debug|x64.ActiveCfg = Debug|x64
		{CB5FA05E-1F86-44D5-AD25-0211F9778541}.Debug|x64.Build.0 = Debug|x64
		{CB5FA05E-1F86-44D5-AD25-0211F9778541}.Debug|x86.ActiveCfg = Debug|Win32
		{CB5FA05E-1F86-44D5-AD25-0211F9778541}.Debug|x86.Build.0 = Debug|Win32
		{CB5FA05E-1F86-44D5-AD25-0211F9778541}.Release|x64.ActiveCfg = Release|x64
		{CB5FA05E-1F86-44D5-AD25-0211F9778541}.Release|x64.Build.0 = Release|x64
		{CB5FA05E-1F86-44D5-AD25-0211F9778541}.Release|x86.ActiveCfg = Release|Win32
		{CB5FA05E-1F86-44D5-AD25-0211F9778541}.Release|x86.Build.0 = Release|Win32
		{7B4A785D-5178-4123-A335-C60F1E7D8BB2}.Debug|x64.ActiveCfg = Debug|x64
		{7B4A785D-5178-4123-A335-C60F1E7D8BB2}.Debug|x64.Build.0 = Debug|x64
		{7B4A785D-5178-4123-A335-C60F1E7D8BB2}.Debug|x86.ActiveCfg = Debug|Win32
		{7B4A785D-5178-4123-A335-C60F1E7D8BB2}.Debug|x86.Build.0 = Debug|Win32
		{7B4A785D-5178-4123-A335-C60F1E7D8BB2}.Release|x64.ActiveCfg = Release|x64
		{7B4A785D-5178-4123-A335-C60F1E7D8BB2}.Release|x64.Build.0 = Release|x64
		{7B4A785D-5178-4123-A335-C60F1E7D8BB2}.Release|x86.ActiveCfg = Release|Win32
		{7B4A785D-5178-4123-A335-C60F1E7D8BB2}.Release|x86.Build.0 = Release|Win32
		{C30CECCC-1B0B-4125-A212-967CC86A999A}.Debug|x64.ActiveCfg = Debug|x64
		{C30CECCC-1B0B-4125-A212-967CC86A999A}.Debug|x64.Build.0 = Debug|x64
		{C30CECCC-1B0B-4125-A212-967CC86A999A}.Debug|x86.ActiveCfg = Debug|Win32
		{C30CECCC-1B0B-4125-A212-967CC86A999A}.Debug|x86.Build.0 = Debug|Win32
		{C30CECCC-1B0B-4125-A212-967CC86A999A}.Release|x64.ActiveCfg = Release|x64
		{C30CECCC-1B0B-4125-A212-967CC86A999A}.Release|x64.Build.0 = Release|x64
		{C30CECCC-1B0B-4125-A212-967CC86A999A}.Release|x86.ActiveCfg = Release|Win32
		{C30CECCC-1B0B-4125-A212-967CC86A999A}.Release|x86.Build.0 = Release|Win32
		{35105479-1B4A-4360-A733-2F1155F01CD2}.Debug|x64.ActiveCfg = Debug|x64
		{35105479-1B4A-4360-A733-2F1155F01CD2}.Debug|x64.Build.0 = Debug|x64
		{35105479-1B4A-4360-A733-2F1155F01CD2}.Debug|x86.ActiveCfg = Debug|Win32
		{35105479-1B4A-4360-A733-2F1155F01CD2}.Debug|x86.Build.0 = Debug|Win32
		{35105479-1B4A-4360-A733-2F1155F01CD2}.Release|x64.ActiveCfg = Release|x64
		{35105479-1B4A-4360-A733-2F1155F01CD2}.Release|x64.Build.0 = Release|x64
		{35105479-1B4A-4360-A733-2F1155F01CD2}.Release|x86.ActiveCfg = Release|Win32
		{35105479-1B4A-4360-A733-2F1155F01CD2}.Release|x86.Build.0 = Release|Win32
		{3C5A3B4D-CF75-49D1-AC69-006799C052A8}.Debug|x64.ActiveCfg = Debug|x64
		{3C5A3B4D-CF75-49D1-AC69-006799C052A8}.Debug|x64.Build.0 = Debug|x64
		{3C5A3B4D-CF75-49D1-AC69-006799C052A8}.Debug|x86.ActiveCfg = Debug|Win32
		{3C5A3B4D-CF75-49D1-AC69-006799C052A8}.Debug|x86.Build.0 = Debug|Win32
		{3C5A3B4D-CF75-49D1-AC69-006799C052A8}.Release|x64.ActiveCfg = Release|x64
		{3C5A3B4D-CF75-49D1-AC69-006799C052A8}.Release|x64.Build.0 = Release|x64
		{3C5A3B4D-CF75-49D1-AC69-006799C052A8}.Release|x86.ActiveCfg = Release|Win32
		{3C5A3B4D-CF75-49D1-AC69-006799C052A8}.Release|x86.Build.0 = Release|Win32
		{BE35D8BF-24CE-4C5E-BE57-E62D10D482B7}.Debug|x64.ActiveCfg = Debug|x64
		{BE35D8BF-24CE-4C5E-BE57-E62D10D482B7}.Debug|x64.Build.0 = Debug|x64
		{BE35D8BF-24CE-4C5E-BE57-E62D10D482B7}.Debug|x86.ActiveCfg = Debug|Win32
		{BE35D8BF-24CE-4C5E-BE57-E62D10D482B7}.Debug|x86.Build.0 = Debug|Win32
		{BE35D8BF-24CE-4C5E-BE57-E62D10D482B7}.Release|x64.ActiveCfg = Release|x64
		{BE35D8BF-24CE-4C5E-BE57-E62D10D482B7}.Release|x64.Build.0 = Release|x64
		{BE35D8BF-24CE-4C5E-BE57-E62D10D482B7}.Release|x86.ActiveCfg = Release|Win32
		{BE35D8BF-24CE-4C5E-BE57-E62D10D482B7}.Release|x86.Build.0 = Release|Win32
	EndGlobalSection
	GlobalSection(SolutionProperties) = preSolution
		HideSolutionNode = FALSE
	EndGlobalSection
	GlobalSection(ExtensibilityGlobals) = postSolution
		SolutionGuid = {974A0A06-420D-4A5B-97F5-4115F98BFDD5}
	EndGlobalSection
EndGlobal
