
Microsoft Visual Studio Solution File, Format Version 12.00
# Visual Studio Version 17
VisualStudioVersion = 17.7.34031.279
MinimumVisualStudioVersion = 10.0.40219.1
Project("{8BC9CEB8-8B4A-11D0-8D11-00A0C91BC942}") = "Ex2_Servidor", "Ex2_Servidor\Ex2_Servidor.vcxproj", "{CB5FA05E-1F86-44D5-AD25-0211F9778541}"
EndProject
Project("{8BC9CEB8-8B4A-11D0-8D11-00A0C91BC942}") = "Ex2_Cliente", "Ex2_Cliente\Ex2_Cliente.vcxproj", "{7B4A785D-5178-4123-A335-C60F1E7D8BB2}"
EndProject
Project("{8BC9CEB8-8B4A-11D0-8D11-00A0C91BC942}") = "Ex3_Cliente", "Ex3_Cliente\Ex3_Cliente.vcxproj", "{C30CECCC-1B0B-4125-A212-967CC86A999A}"
EndProject
Project("{8BC9CEB8-8B4A-11D0-8D11-00A0C91BC942}") = "Ex4_Servidor", "Ex4_Servidor\Ex4_Servidor.vcxproj", "{35105479-1B4A-4360-A733-2F1155F01CD2}"
EndProject
Project("{8BC9CEB8-8B4A-11D0-8D11-00A0C91BC942}") = "Ex5_Cliente", "Ex5_Cliente\Ex5_Cliente.vcxproj", "{3C5A3B4D-CF75-49D1-AC69-006799C052A8}"
EndProject
Project("{8BC9CEB8-8B4A-11D0-8D11-00A0C91BC942}") = "Ex6_Cliente", "Ex6_Cliente\Ex6_Cliente.vcxproj", "{BE35D8BF-24CE-4C5E-BE57-E62D10D482B7}"
EndProject
Project("{8BC9CEB8-8B4A-11D0-8D11-00A0C91BC942}") = "Ex8_Cliente", "Ex8_Cliente\Ex8_Cliente.vcxproj", "{636E7D9B-EE67-4FBB-84BE-75095D72041E}"
EndProject
Project("{8BC9CEB8-8B4A-11D0-8D11-00A0C91BC942}") = "Ex9_Cliente", "Ex9_Cliente\Ex9_Cliente.vcxproj", "{87771F69-CF0B-4DA7-901A-29C8886A0EA1}"
EndProject
Project("{8BC9CEB8-8B4A-11D0-8D11-00A0C91BC942}") = "Ex9_Comum", "Ex9_Comum\Ex9_Comum.vcxproj", "{1E13199A-603E-454D-A6E2-74AD1EAE8C81}"
EndProject
Project("{8BC9CEB8-8B4A-11D0-8D11-00A0C91BC942}") = "Common", "Common\Common.vcxproj", "{363C387C-918C-4116-B14D-CD57213101A4}"
EndProject
Project("{8BC9CEB8-8B4A-11D0-8D11-00A0C91BC942}") = "Ex9_Servidor", "Ex9_Servidor\Ex9_Servidor.vcxproj", "{4DEF9AE2-FA01-41AD-828D-CDBD89EDCB5D}"
EndProject
Project("{8BC9CEB8-8B4A-11D0-8D11-00A0C91BC942}") = "TCPTest", "TCPTest\TCPTest.vcxproj", "{8AB4507E-1303-4417-B1AF-EE2BF248643A}"
EndProject
Global
	GlobalSection(SolutionConfigurationPlatforms) = preSolution
		Debug|x64 = Debug|x64
		Debug|x86 = Debug|x86
		Release|x64 = Release|x64
		Release|x86 = Release|x86
	EndGlobalSection
	GlobalSection(ProjectConfigurationPlatforms) = postSolution
		{CB5FA05E-1F86-44D5-AD25-0211F9778541}.Debug|x64.ActiveCfg = Debug|x64
		{CB5FA05E-1F86-44D5-AD25-0211F9778541}.Debug|x64.Build.0 = Debug|x64
		{CB5FA05E-1F86-44D5-AD25-0211F9778541}.Debug|x86.ActiveCfg = Debug|Win32
		{CB5FA05E-1F86-44D5-AD25-0211F9778541}.Debug|x86.Build.0 = Debug|Win32
		{CB5FA05E-1F86-44D5-AD25-0211F9778541}.Release|x64.ActiveCfg = Release|x64
		{CB5FA05E-1F86-44D5-AD25-0211F9778541}.Release|x64.Build.0 = Release|x64
		{CB5FA05E-1F86-44D5-AD25-0211F9778541}.Release|x86.ActiveCfg = Release|Win32
		{CB5FA05E-1F86-44D5-AD25-0211F9778541}.Release|x86.Build.0 = Release|Win32
		{7B4A785D-5178-4123-A335-C60F1E7D8BB2}.Debug|x64.ActiveCfg = Debug|x64
		{7B4A785D-5178-4123-A335-C60F1E7D8BB2}.Debug|x64.Build.0 = Debug|x64
		{7B4A785D-5178-4123-A335-C60F1E7D8BB2}.Debug|x86.ActiveCfg = Debug|Win32
		{7B4A785D-5178-4123-A335-C60F1E7D8BB2}.Debug|x86.Build.0 = Debug|Win32
		{7B4A785D-5178-4123-A335-C60F1E7D8BB2}.Release|x64.ActiveCfg = Release|x64
		{7B4A785D-5178-4123-A335-C60F1E7D8BB2}.Release|x64.Build.0 = Release|x64
		{7B4A785D-5178-4123-A335-C60F1E7D8BB2}.Release|x86.ActiveCfg = Release|Win32
		{7B4A785D-5178-4123-A335-C60F1E7D8BB2}.Release|x86.Build.0 = Release|Win32
		{C30CECCC-1B0B-4125-A212-967CC86A999A}.Debug|x64.ActiveCfg = Debug|x64
		{C30CECCC-1B0B-4125-A212-967CC86A999A}.Debug|x64.Build.0 = Debug|x64
		{C30CECCC-1B0B-4125-A212-967CC86A999A}.Debug|x86.ActiveCfg = Debug|Win32
		{C30CECCC-1B0B-4125-A212-967CC86A999A}.Debug|x86.Build.0 = Debug|Win32
		{C30CECCC-1B0B-4125-A212-967CC86A999A}.Release|x64.ActiveCfg = Release|x64
		{C30CECCC-1B0B-4125-A212-967CC86A999A}.Release|x64.Build.0 = Release|x64
		{C30CECCC-1B0B-4125-A212-967CC86A999A}.Release|x86.ActiveCfg = Release|Win32
		{C30CECCC-1B0B-4125-A212-967CC86A999A}.Release|x86.Build.0 = Release|Win32
		{35105479-1B4A-4360-A733-2F1155F01CD2}.Debug|x64.ActiveCfg = Debug|x64
		{35105479-1B4A-4360-A733-2F1155F01CD2}.Debug|x64.Build.0 = Debug|x64
		{35105479-1B4A-4360-A733-2F1155F01CD2}.Debug|x86.ActiveCfg = Debug|Win32
		{35105479-1B4A-4360-A733-2F1155F01CD2}.Debug|x86.Build.0 = Debug|Win32
		{35105479-1B4A-4360-A733-2F1155F01CD2}.Release|x64.ActiveCfg = Release|x64
		{35105479-1B4A-4360-A733-2F1155F01CD2}.Release|x64.Build.0 = Release|x64
		{35105479-1B4A-4360-A733-2F1155F01CD2}.Release|x86.ActiveCfg = Release|Win32
		{35105479-1B4A-4360-A733-2F1155F01CD2}.Release|x86.Build.0 = Release|Win32
		{3C5A3B4D-CF75-49D1-AC69-006799C052A8}.Debug|x64.ActiveCfg = Debug|x64
		{3C5A3B4D-CF75-49D1-AC69-006799C052A8}.Debug|x64.Build.0 = Debug|x64
		{3C5A3B4D-CF75-49D1-AC69-006799C052A8}.Debug|x86.ActiveCfg = Debug|Win32
		{3C5A3B4D-CF75-49D1-AC69-006799C052A8}.Debug|x86.Build.0 = Debug|Win32
		{3C5A3B4D-CF75-49D1-AC69-006799C052A8}.Release|x64.ActiveCfg = Release|x64
		{3C5A3B4D-CF75-49D1-AC69-006799C052A8}.Release|x64.Build.0 = Release|x64
		{3C5A3B4D-CF75-49D1-AC69-006799C052A8}.Release|x86.ActiveCfg = Release|Win32
		{3C5A3B4D-CF75-49D1-AC69-006799C052A8}.Release|x86.Build.0 = Release|Win32
		{BE35D8BF-24CE-4C5E-BE57-E62D10D482B7}.Debug|x64.ActiveCfg = Debug|x64
		{BE35D8BF-24CE-4C5E-BE57-E62D10D482B7}.Debug|x64.Build.0 = Debug|x64
		{BE35D8BF-24CE-4C5E-BE57-E62D10D482B7}.Debug|x86.ActiveCfg = Debug|Win32
		{BE35D8BF-24CE-4C5E-BE57-E62D10D482B7}.Debug|x86.Build.0 = Debug|Win32
		{BE35D8BF-24CE-4C5E-BE57-E62D10D482B7}.Release|x64.ActiveCfg = Release|x64
		{BE35D8BF-24CE-4C5E-BE57-E62D10D482B7}.Release|x64.Build.0 = Release|x64
		{BE35D8BF-24CE-4C5E-BE57-E62D10D482B7}.Release|x86.ActiveCfg = Release|Win32
		{BE35D8BF-24CE-4C5E-BE57-E62D10D482B7}.Release|x86.Build.0 = Release|Win32
		{636E7D9B-EE67-4FBB-84BE-75095D72041E}.Debug|x64.ActiveCfg = Debug|x64
		{636E7D9B-EE67-4FBB-84BE-75095D72041E}.Debug|x64.Build.0 = Debug|x64
		{636E7D9B-EE67-4FBB-84BE-75095D72041E}.Debug|x86.ActiveCfg = Debug|Win32
		{636E7D9B-EE67-4FBB-84BE-75095D72041E}.Debug|x86.Build.0 = Debug|Win32
		{636E7D9B-EE67-4FBB-84BE-75095D72041E}.Release|x64.ActiveCfg = Release|x64
		{636E7D9B-EE67-4FBB-84BE-75095D72041E}.Release|x64.Build.0 = Release|x64
		{636E7D9B-EE67-4FBB-84BE-75095D72041E}.Release|x86.ActiveCfg = Release|Win32
		{636E7D9B-EE67-4FBB-84BE-75095D72041E}.Release|x86.Build.0 = Release|Win32
		{87771F69-CF0B-4DA7-901A-29C8886A0EA1}.Debug|x64.ActiveCfg = Debug|x64
		{87771F69-CF0B-4DA7-901A-29C8886A0EA1}.Debug|x64.Build.0 = Debug|x64
		{87771F69-CF0B-4DA7-901A-29C8886A0EA1}.Debug|x86.ActiveCfg = Debug|Win32
		{87771F69-CF0B-4DA7-901A-29C8886A0EA1}.Debug|x86.Build.0 = Debug|Win32
		{87771F69-CF0B-4DA7-901A-29C8886A0EA1}.Release|x64.ActiveCfg = Release|x64
		{87771F69-CF0B-4DA7-901A-29C8886A0EA1}.Release|x64.Build.0 = Release|x64
		{87771F69-CF0B-4DA7-901A-29C8886A0EA1}.Release|x86.ActiveCfg = Release|Win32
		{87771F69-CF0B-4DA7-901A-29C8886A0EA1}.Release|x86.Build.0 = Release|Win32
		{1E13199A-603E-454D-A6E2-74AD1EAE8C81}.Debug|x64.ActiveCfg = Debug|x64
		{1E13199A-603E-454D-A6E2-74AD1EAE8C81}.Debug|x64.Build.0 = Debug|x64
		{1E13199A-603E-454D-A6E2-74AD1EAE8C81}.Debug|x86.ActiveCfg = Debug|Win32
		{1E13199A-603E-454D-A6E2-74AD1EAE8C81}.Debug|x86.Build.0 = Debug|Win32
		{1E13199A-603E-454D-A6E2-74AD1EAE8C81}.Release|x64.ActiveCfg = Release|x64
		{1E13199A-603E-454D-A6E2-74AD1EAE8C81}.Release|x64.Build.0 = Release|x64
		{1E13199A-603E-454D-A6E2-74AD1EAE8C81}.Release|x86.ActiveCfg = Release|Win32
		{1E13199A-603E-454D-A6E2-74AD1EAE8C81}.Release|x86.Build.0 = Release|Win32
		{363C387C-918C-4116-B14D-CD57213101A4}.Debug|x64.ActiveCfg = Debug|x64
		{363C387C-918C-4116-B14D-CD57213101A4}.Debug|x64.Build.0 = Debug|x64
		{363C387C-918C-4116-B14D-CD57213101A4}.Debug|x86.ActiveCfg = Debug|Win32
		{363C387C-918C-4116-B14D-CD57213101A4}.Debug|x86.Build.0 = Debug|Win32
		{363C387C-918C-4116-B14D-CD57213101A4}.Release|x64.ActiveCfg = Release|x64
		{363C387C-918C-4116-B14D-CD57213101A4}.Release|x64.Build.0 = Release|x64
		{363C387C-918C-4116-B14D-CD57213101A4}.Release|x86.ActiveCfg = Release|Win32
		{363C387C-918C-4116-B14D-CD57213101A4}.Release|x86.Build.0 = Release|Win32
		{4DEF9AE2-FA01-41AD-828D-CDBD89EDCB5D}.Debug|x64.ActiveCfg = Debug|x64
		{4DEF9AE2-FA01-41AD-828D-CDBD89EDCB5D}.Debug|x64.Build.0 = Debug|x64
		{4DEF9AE2-FA01-41AD-828D-CDBD89EDCB5D}.Debug|x86.ActiveCfg = Debug|Win32
		{4DEF9AE2-FA01-41AD-828D-CDBD89EDCB5D}.Debug|x86.Build.0 = Debug|Win32
		{4DEF9AE2-FA01-41AD-828D-CDBD89EDCB5D}.Release|x64.ActiveCfg = Release|x64
		{4DEF9AE2-FA01-41AD-828D-CDBD89EDCB5D}.Release|x64.Build.0 = Release|x64
		{4DEF9AE2-FA01-41AD-828D-CDBD89EDCB5D}.Release|x86.ActiveCfg = Release|Win32
		{4DEF9AE2-FA01-41AD-828D-CDBD89EDCB5D}.Release|x86.Build.0 = Release|Win32
		{8AB4507E-1303-4417-B1AF-EE2BF248643A}.Debug|x64.ActiveCfg = Debug|x64
		{8AB4507E-1303-4417-B1AF-EE2BF248643A}.Debug|x64.Build.0 = Debug|x64
		{8AB4507E-1303-4417-B1AF-EE2BF248643A}.Debug|x86.ActiveCfg = Debug|Win32
		{8AB4507E-1303-4417-B1AF-EE2BF248643A}.Debug|x86.Build.0 = Debug|Win32
		{8AB4507E-1303-4417-B1AF-EE2BF248643A}.Release|x64.ActiveCfg = Release|x64
		{8AB4507E-1303-4417-B1AF-EE2BF248643A}.Release|x64.Build.0 = Release|x64
		{8AB4507E-1303-4417-B1AF-EE2BF248643A}.Release|x86.ActiveCfg = Release|Win32
		{8AB4507E-1303-4417-B1AF-EE2BF248643A}.Release|x86.Build.0 = Release|Win32
	EndGlobalSection
	GlobalSection(SolutionProperties) = preSolution
		HideSolutionNode = FALSE
	EndGlobalSection
	GlobalSection(ExtensibilityGlobals) = postSolution
		SolutionGuid = {974A0A06-420D-4A5B-97F5-4115F98BFDD5}
	EndGlobalSection
EndGlobal
